# THIS IS AN AUTOGENERATED FILE. DO NOT EDIT THIS FILE DIRECTLY.
# yarn lockfile v1


p-sleep@^1.1.0:
  version "1.1.0"
  resolved "https://registry.yarnpkg.com/p-sleep/-/p-sleep-1.1.0.tgz#a6c9333059b5103c3c0e46bcbba95a1f7969095b"
  integrity sha512-bwP3GKZirBUYMtiUuBrheLUQdRXVeE/pmHOaLpNJzNfAD4b5AjDn6l823brXcQFade4G/g7GMNQ3KV86E8EaEw==

react-tinder-card@^1.2.0:
  version "1.2.0"
  resolved "https://registry.yarnpkg.com/react-tinder-card/-/react-tinder-card-1.2.0.tgz#a0246be105de51154cfea04b5850ff8fea5e953f"
  integrity sha512-sg2NrBahOcjiVLS1wCJwGkVc8SFScr4xGA6Nr3l+IO29z/ZAERZcqSq9UlAMwOwWKXU1AVZfMyMvhuyNFoK/qg==
  dependencies:
    p-sleep "^1.1.0"
